dependencies:
- name: mongodb
  repository: https://charts.bitnami.com/bitnami
  version: 16.5.1
- name: nx-cloud
  repository: https://nrwl.github.io/nx-cloud-helm
  version: 0.11.1
digest: sha256:dc440cc5804911f6c155bf72d431200bff33cc955f0eec0c4d2fc127f2311bfd
generated: "2025-04-16T23:49:30.716848817Z"
