dependencies:
- name: mongodb
  repository: https://charts.bitnami.com/bitnami
  version: 16.0.3
- name: nx-cloud
  repository: https://nrwl.github.io/nx-cloud-helm
  version: 0.11.1
digest: sha256:a8bc6b3c62d1881c160daa426a0aab40260ad61814e7aea8f3d46c603a8cbd7a
generated: "2024-10-10T17:58:07.152921923Z"
